// !$*UTF8*$!
{
	archiveVersion = 1;
	classes = {
	};
	objectVersion = 48;
	objects = {

/* Begin PBXBuildFile section */
		2D0AF22620D24AA600EF27A0 /* AppDelegate.swift in Sources */ = {isa = PBXBuildFile; fileRef = 2D0AF22520D24AA600EF27A0 /* AppDelegate.swift */; };
		2D0AF22820D24AA600EF27A0 /* ViewController.swift in Sources */ = {isa = PBXBuildFile; fileRef = 2D0AF22720D24AA600EF27A0 /* ViewController.swift */; };
		2D0AF22B20D24AA600EF27A0 /* Main.storyboard in Resources */ = {isa = PBXBuildFile; fileRef = 2D0AF22920D24AA600EF27A0 /* Main.storyboard */; };
		2D0AF22D20D24AA600EF27A0 /* Assets.xcassets in Resources */ = {isa = PBXBuildFile; fileRef = 2D0AF22C20D24AA600EF27A0 /* Assets.xcassets */; };
		2D0AF23020D24AA600EF27A0 /* LaunchScreen.storyboard in Resources */ = {isa = PBXBuildFile; fileRef = 2D0AF22E20D24AA600EF27A0 /* LaunchScreen.storyboard */; };
		2D0AF23B20D24AA600EF27A0 /* CollectionDemoTests.swift in Sources */ = {isa = PBXBuildFile; fileRef = 2D0AF23A20D24AA600EF27A0 /* CollectionDemoTests.swift */; };
		2D0AF24620D24AA600EF27A0 /* CollectionDemoUITests.swift in Sources */ = {isa = PBXBuildFile; fileRef = 2D0AF24520D24AA600EF27A0 /* CollectionDemoUITests.swift */; };
		2D207B5D21DF3EE20096A1B5 /* addNewVC.swift in Sources */ = {isa = PBXBuildFile; fileRef = 2D207B5C21DF3EE20096A1B5 /* addNewVC.swift */; };
		2D8E9D5D21DE433E00508A74 /* LearnVC.swift in Sources */ = {isa = PBXBuildFile; fileRef = 2D8E9D5C21DE433E00508A74 /* LearnVC.swift */; };
		2DC741E420D3BBE40064BDB6 /* CollectionViewCell.swift in Sources */ = {isa = PBXBuildFile; fileRef = 2DC741E220D3BBE40064BDB6 /* CollectionViewCell.swift */; };
		2DC741E520D3BBE40064BDB6 /* CollectionViewCell.xib in Resources */ = {isa = PBXBuildFile; fileRef = 2DC741E320D3BBE40064BDB6 /* CollectionViewCell.xib */; };
/* End PBXBuildFile section */

/* Begin PBXContainerItemProxy section */
		2D0AF23720D24AA600EF27A0 /* PBXContainerItemProxy */ = {
			isa = PBXContainerItemProxy;
			containerPortal = 2D0AF21A20D24AA600EF27A0 /* Project object */;
			proxyType = 1;
			remoteGlobalIDString = 2D0AF22120D24AA600EF27A0;
			remoteInfo = CollectionDemo;
		};
		2D0AF24220D24AA600EF27A0 /* PBXContainerItemProxy */ = {
			isa = PBXContainerItemProxy;
			containerPortal = 2D0AF21A20D24AA600EF27A0 /* Project object */;
			proxyType = 1;
			remoteGlobalIDString = 2D0AF22120D24AA600EF27A0;
			remoteInfo = CollectionDemo;
		};
/* End PBXContainerItemProxy section */

/* Begin PBXFileReference section */
		2D0AF22220D24AA600EF27A0 /* CollectionDemo.app */ = {isa = PBXFileReference; explicitFileType = wrapper.application; includeInIndex = 0; path = CollectionDemo.app; sourceTree = BUILT_PRODUCTS_DIR; };
		2D0AF22520D24AA600EF27A0 /* AppDelegate.swift */ = {isa = PBXFileReference; lastKnownFileType = sourcecode.swift; path = AppDelegate.swift; sourceTree = "<group>"; };
		2D0AF22720D24AA600EF27A0 /* ViewController.swift */ = {isa = PBXFileReference; lastKnownFileType = sourcecode.swift; path = ViewController.swift; sourceTree = "<group>"; };
		2D0AF22A20D24AA600EF27A0 /* Base */ = {isa = PBXFileReference; lastKnownFileType = file.storyboard; name = Base; path = Base.lproj/Main.storyboard; sourceTree = "<group>"; };
		2D0AF22C20D24AA600EF27A0 /* Assets.xcassets */ = {isa = PBXFileReference; lastKnownFileType = folder.assetcatalog; path = Assets.xcassets; sourceTree = "<group>"; };
		2D0AF22F20D24AA600EF27A0 /* Base */ = {isa = PBXFileReference; lastKnownFileType = file.storyboard; name = Base; path = Base.lproj/LaunchScreen.storyboard; sourceTree = "<group>"; };
		2D0AF23120D24AA600EF27A0 /* Info.plist */ = {isa = PBXFileReference; lastKnownFileType = text.plist.xml; path = Info.plist; sourceTree = "<group>"; };
		2D0AF23620D24AA600EF27A0 /* CollectionDemoTests.xctest */ = {isa = PBXFileReference; explicitFileType = wrapper.cfbundle; includeInIndex = 0; path = CollectionDemoTests.xctest; sourceTree = BUILT_PRODUCTS_DIR; };
		2D0AF23A20D24AA600EF27A0 /* CollectionDemoTests.swift */ = {isa = PBXFileReference; lastKnownFileType = sourcecode.swift; path = CollectionDemoTests.swift; sourceTree = "<group>"; };
		2D0AF23C20D24AA600EF27A0 /* Info.plist */ = {isa = PBXFileReference; lastKnownFileType = text.plist.xml; path = Info.plist; sourceTree = "<group>"; };
		2D0AF24120D24AA600EF27A0 /* CollectionDemoUITests.xctest */ = {isa = PBXFileReference; explicitFileType = wrapper.cfbundle; includeInIndex = 0; path = CollectionDemoUITests.xctest; sourceTree = BUILT_PRODUCTS_DIR; };
		2D0AF24520D24AA600EF27A0 /* CollectionDemoUITests.swift */ = {isa = PBXFileReference; lastKnownFileType = sourcecode.swift; path = CollectionDemoUITests.swift; sourceTree = "<group>"; };
		2D0AF24720D24AA600EF27A0 /* Info.plist */ = {isa = PBXFileReference; lastKnownFileType = text.plist.xml; path = Info.plist; sourceTree = "<group>"; };
		2D207B5C21DF3EE20096A1B5 /* addNewVC.swift */ = {isa = PBXFileReference; lastKnownFileType = sourcecode.swift; path = addNewVC.swift; sourceTree = "<group>"; };
		2D8E9D5C21DE433E00508A74 /* LearnVC.swift */ = {isa = PBXFileReference; lastKnownFileType = sourcecode.swift; path = LearnVC.swift; sourceTree = "<group>"; };
		2DC741E220D3BBE40064BDB6 /* CollectionViewCell.swift */ = {isa = PBXFileReference; lastKnownFileType = sourcecode.swift; path = CollectionViewCell.swift; sourceTree = "<group>"; };
		2DC741E320D3BBE40064BDB6 /* CollectionViewCell.xib */ = {isa = PBXFileReference; lastKnownFileType = file.xib; path = CollectionViewCell.xib; sourceTree = "<group>"; };
/* End PBXFileReference section */

/* Begin PBXFrameworksBuildPhase section */
		2D0AF21F20D24AA600EF27A0 /* Frameworks */ = {
			isa = PBXFrameworksBuildPhase;
			buildActionMask = 2147483647;
			files = (
			);
			runOnlyForDeploymentPostprocessing = 0;
		};
		2D0AF23320D24AA600EF27A0 /* Frameworks */ = {
			isa = PBXFrameworksBuildPhase;
			buildActionMask = 2147483647;
			files = (
			);
			runOnlyForDeploymentPostprocessing = 0;
		};
		2D0AF23E20D24AA600EF27A0 /* Frameworks */ = {
			isa = PBXFrameworksBuildPhase;
			buildActionMask = 2147483647;
			files = (
			);
			runOnlyForDeploymentPostprocessing = 0;
		};
/* End PBXFrameworksBuildPhase section */

/* Begin PBXGroup section */
		2D0AF21920D24AA600EF27A0 = {
			isa = PBXGroup;
			children = (
				2D0AF22420D24AA600EF27A0 /* CollectionDemo */,
				2D0AF23920D24AA600EF27A0 /* CollectionDemoTests */,
				2D0AF24420D24AA600EF27A0 /* CollectionDemoUITests */,
				2D0AF22320D24AA600EF27A0 /* Products */,
			);
			sourceTree = "<group>";
		};
		2D0AF22320D24AA600EF27A0 /* Products */ = {
			isa = PBXGroup;
			children = (
				2D0AF22220D24AA600EF27A0 /* CollectionDemo.app */,
				2D0AF23620D24AA600EF27A0 /* CollectionDemoTests.xctest */,
				2D0AF24120D24AA600EF27A0 /* CollectionDemoUITests.xctest */,
			);
			name = Products;
			sourceTree = "<group>";
		};
		2D0AF22420D24AA600EF27A0 /* CollectionDemo */ = {
			isa = PBXGroup;
			children = (
				2D0AF22520D24AA600EF27A0 /* AppDelegate.swift */,
				2D0AF22720D24AA600EF27A0 /* ViewController.swift */,
				2D8E9D5C21DE433E00508A74 /* LearnVC.swift */,
				2D207B5C21DF3EE20096A1B5 /* addNewVC.swift */,
				2DC741E220D3BBE40064BDB6 /* CollectionViewCell.swift */,
				2DC741E320D3BBE40064BDB6 /* CollectionViewCell.xib */,
				2D0AF22920D24AA600EF27A0 /* Main.storyboard */,
				2D0AF22C20D24AA600EF27A0 /* Assets.xcassets */,
				2D0AF22E20D24AA600EF27A0 /* LaunchScreen.storyboard */,
				2D0AF23120D24AA600EF27A0 /* Info.plist */,
			);
			path = CollectionDemo;
			sourceTree = "<group>";
		};
		2D0AF23920D24AA600EF27A0 /* CollectionDemoTests */ = {
			isa = PBXGroup;
			children = (
				2D0AF23A20D24AA600EF27A0 /* CollectionDemoTests.swift */,
				2D0AF23C20D24AA600EF27A0 /* Info.plist */,
			);
			path = CollectionDemoTests;
			sourceTree = "<group>";
		};
		2D0AF24420D24AA600EF27A0 /* CollectionDemoUITests */ = {
			isa = PBXGroup;
			children = (
				2D0AF24520D24AA600EF27A0 /* CollectionDemoUITests.swift */,
				2D0AF24720D24AA600EF27A0 /* Info.plist */,
			);
			path = CollectionDemoUITests;
			sourceTree = "<group>";
		};
/* End PBXGroup section */

/* Begin PBXNativeTarget section */
		2D0AF22120D24AA600EF27A0 /* CollectionDemo */ = {
			isa = PBXNativeTarget;
			buildConfigurationList = 2D0AF24A20D24AA600EF27A0 /* Build configuration list for PBXNativeTarget "CollectionDemo" */;
			buildPhases = (
				2D0AF21E20D24AA600EF27A0 /* Sources */,
				2D0AF21F20D24AA600EF27A0 /* Frameworks */,
				2D0AF22020D24AA600EF27A0 /* Resources */,
			);
			buildRules = (
			);
			dependencies = (
			);
			name = CollectionDemo;
			productName = CollectionDemo;
			productReference = 2D0AF22220D24AA600EF27A0 /* CollectionDemo.app */;
			productType = "com.apple.product-type.application";
		};
		2D0AF23520D24AA600EF27A0 /* CollectionDemoTests */ = {
			isa = PBXNativeTarget;
			buildConfigurationList = 2D0AF24D20D24AA600EF27A0 /* Build configuration list for PBXNativeTarget "CollectionDemoTests" */;
			buildPhases = (
				2D0AF23220D24AA600EF27A0 /* Sources */,
				2D0AF23320D24AA600EF27A0 /* Frameworks */,
				2D0AF23420D24AA600EF27A0 /* Resources */,
			);
			buildRules = (
			);
			dependencies = (
				2D0AF23820D24AA600EF27A0 /* PBXTargetDependency */,
			);
			name = CollectionDemoTests;
			productName = CollectionDemoTests;
			productReference = 2D0AF23620D24AA600EF27A0 /* CollectionDemoTests.xctest */;
			productType = "com.apple.product-type.bundle.unit-test";
		};
		2D0AF24020D24AA600EF27A0 /* CollectionDemoUITests */ = {
			isa = PBXNativeTarget;
			buildConfigurationList = 2D0AF25020D24AA600EF27A0 /* Build configuration list for PBXNativeTarget "CollectionDemoUITests" */;
			buildPhases = (
				2D0AF23D20D24AA600EF27A0 /* Sources */,
				2D0AF23E20D24AA600EF27A0 /* Frameworks */,
				2D0AF23F20D24AA600EF27A0 /* Resources */,
			);
			buildRules = (
			);
			dependencies = (
				2D0AF24320D24AA600EF27A0 /* PBXTargetDependency */,
			);
			name = CollectionDemoUITests;
			productName = CollectionDemoUITests;
			productReference = 2D0AF24120D24AA600EF27A0 /* CollectionDemoUITests.xctest */;
			productType = "com.apple.product-type.bundle.ui-testing";
		};
/* End PBXNativeTarget section */

/* Begin PBXProject section */
		2D0AF21A20D24AA600EF27A0 /* Project object */ = {
			isa = PBXProject;
			attributes = {
				LastSwiftUpdateCheck = 0920;
				LastUpgradeCheck = 0920;
				ORGANIZATIONNAME = "Verve Mac";
				TargetAttributes = {
					2D0AF22120D24AA600EF27A0 = {
						CreatedOnToolsVersion = 9.2;
						ProvisioningStyle = Automatic;
					};
					2D0AF23520D24AA600EF27A0 = {
						CreatedOnToolsVersion = 9.2;
						ProvisioningStyle = Automatic;
						TestTargetID = 2D0AF22120D24AA600EF27A0;
					};
					2D0AF24020D24AA600EF27A0 = {
						CreatedOnToolsVersion = 9.2;
						ProvisioningStyle = Automatic;
						TestTargetID = 2D0AF22120D24AA600EF27A0;
					};
				};
			};
			buildConfigurationList = 2D0AF21D20D24AA600EF27A0 /* Build configuration list for PBXProject "CollectionDemo" */;
			compatibilityVersion = "Xcode 8.0";
			developmentRegion = en;
			hasScannedForEncodings = 0;
			knownRegions = (
				en,
				Base,
			);
			mainGroup = 2D0AF21920D24AA600EF27A0;
			productRefGroup = 2D0AF22320D24AA600EF27A0 /* Products */;
			projectDirPath = "";
			projectRoot = "";
			targets = (
				2D0AF22120D24AA600EF27A0 /* CollectionDemo */,
				2D0AF23520D24AA600EF27A0 /* CollectionDemoTests */,
				2D0AF24020D24AA600EF27A0 /* CollectionDemoUITests */,
			);
		};
/* End PBXProject section */

/* Begin PBXResourcesBuildPhase section */
		2D0AF22020D24AA600EF27A0 /* Resources */ = {
			isa = PBXResourcesBuildPhase;
			buildActionMask = 2147483647;
			files = (
				2D0AF23020D24AA600EF27A0 /* LaunchScreen.storyboard in Resources */,
				2D0AF22D20D24AA600EF27A0 /* Assets.xcassets in Resources */,
				2DC741E520D3BBE40064BDB6 /* CollectionViewCell.xib in Resources */,
				2D0AF22B20D24AA600EF27A0 /* Main.storyboard in Resources */,
			);
			runOnlyForDeploymentPostprocessing = 0;
		};
		2D0AF23420D24AA600EF27A0 /* Resources */ = {
			isa = PBXResourcesBuildPhase;
			buildActionMask = 2147483647;
			files = (
			);
			runOnlyForDeploymentPostprocessing = 0;
		};
		2D0AF23F20D24AA600EF27A0 /* Resources */ = {
			isa = PBXResourcesBuildPhase;
			buildActionMask = 2147483647;
			files = (
			);
			runOnlyForDeploymentPostprocessing = 0;
		};
/* End PBXResourcesBuildPhase section */

/* Begin PBXSourcesBuildPhase section */
		2D0AF21E20D24AA600EF27A0 /* Sources */ = {
			isa = PBXSourcesBuildPhase;
			buildActionMask = 2147483647;
			files = (
				2D0AF22820D24AA600EF27A0 /* ViewController.swift in Sources */,
				2D0AF22620D24AA600EF27A0 /* AppDelegate.swift in Sources */,
				2DC741E420D3BBE40064BDB6 /* CollectionViewCell.swift in Sources */,
				2D207B5D21DF3EE20096A1B5 /* addNewVC.swift in Sources */,
				2D8E9D5D21DE433E00508A74 /* LearnVC.swift in Sources */,
			);
			runOnlyForDeploymentPostprocessing = 0;
		};
		2D0AF23220D24AA600EF27A0 /* Sources */ = {
			isa = PBXSourcesBuildPhase;
			buildActionMask = 2147483647;
			files = (
				2D0AF23B20D24AA600EF27A0 /* CollectionDemoTests.swift in Sources */,
			);
			runOnlyForDeploymentPostprocessing = 0;
		};
		2D0AF23D20D24AA600EF27A0 /* Sources */ = {
			isa = PBXSourcesBuildPhase;
			buildActionMask = 2147483647;
			files = (
				2D0AF24620D24AA600EF27A0 /* CollectionDemoUITests.swift in Sources */,
			);
			runOnlyForDeploymentPostprocessing = 0;
		};
/* End PBXSourcesBuildPhase section */

/* Begin PBXTargetDependency section */
		2D0AF23820D24AA600EF27A0 /* PBXTargetDependency */ = {
			isa = PBXTargetDependency;
			target = 2D0AF22120D24AA600EF27A0 /* CollectionDemo */;
			targetProxy = 2D0AF23720D24AA600EF27A0 /* PBXContainerItemProxy */;
		};
		2D0AF24320D24AA600EF27A0 /* PBXTargetDependency */ = {
			isa = PBXTargetDependency;
			target = 2D0AF22120D24AA600EF27A0 /* CollectionDemo */;
			targetProxy = 2D0AF24220D24AA600EF27A0 /* PBXContainerItemProxy */;
		};
/* End PBXTargetDependency section */

/* Begin PBXVariantGroup section */
		2D0AF22920D24AA600EF27A0 /* Main.storyboard */ = {
			isa = PBXVariantGroup;
			children = (
				2D0AF22A20D24AA600EF27A0 /* Base */,
			);
			name = Main.storyboard;
			sourceTree = "<group>";
		};
		2D0AF22E20D24AA600EF27A0 /* LaunchScreen.storyboard */ = {
			isa = PBXVariantGroup;
			children = (
				2D0AF22F20D24AA600EF27A0 /* Base */,
			);
			name = LaunchScreen.storyboard;
			sourceTree = "<group>";
		};
/* End PBXVariantGroup section */

/* Begin XCBuildConfiguration section */
		2D0AF24820D24AA600EF27A0 /* Debug */ = {
			isa = XCBuildConfiguration;
			buildSettings = {
				ALWAYS_SEARCH_USER_PATHS = NO;
				CLANG_ANALYZER_NONNULL = YES;
				CLANG_ANALYZER_NUMBER_OBJECT_CONVERSION = YES_AGGRESSIVE;
				CLANG_CXX_LANGUAGE_STANDARD = "gnu++14";
				CLANG_CXX_LIBRARY = "libc++";
				CLANG_ENABLE_MODULES = YES;
				CLANG_ENABLE_OBJC_ARC = YES;
				CLANG_WARN_BLOCK_CAPTURE_AUTORELEASING = YES;
				CLANG_WARN_BOOL_CONVERSION = YES;
				CLANG_WARN_COMMA = YES;
				CLANG_WARN_CONSTANT_CONVERSION = YES;
				CLANG_WARN_DIRECT_OBJC_ISA_USAGE = YES_ERROR;
				CLANG_WARN_DOCUMENTATION_COMMENTS = YES;
				CLANG_WARN_EMPTY_BODY = YES;
				CLANG_WARN_ENUM_CONVERSION = YES;
				CLANG_WARN_INFINITE_RECURSION = YES;
				CLANG_WARN_INT_CONVERSION = YES;
				CLANG_WARN_NON_LITERAL_NULL_CONVERSION = YES;
				CLANG_WARN_OBJC_LITERAL_CONVERSION = YES;
				CLANG_WARN_OBJC_ROOT_CLASS = YES_ERROR;
				CLANG_WARN_RANGE_LOOP_ANALYSIS = YES;
				CLANG_WARN_STRICT_PROTOTYPES = YES;
				CLANG_WARN_SUSPICIOUS_MOVE = YES;
				CLANG_WARN_UNGUARDED_AVAILABILITY = YES_AGGRESSIVE;
				CLANG_WARN_UNREACHABLE_CODE = YES;
				CLANG_WARN__DUPLICATE_METHOD_MATCH = YES;
				CODE_SIGN_IDENTITY = "iPhone Developer";
				COPY_PHASE_STRIP = NO;
				DEBUG_INFORMATION_FORMAT = dwarf;
				ENABLE_STRICT_OBJC_MSGSEND = YES;
				ENABLE_TESTABILITY = YES;
				GCC_C_LANGUAGE_STANDARD = gnu11;
				GCC_DYNAMIC_NO_PIC = NO;
				GCC_NO_COMMON_BLOCKS = YES;
				GCC_OPTIMIZATION_LEVEL = 0;
				GCC_PREPROCESSOR_DEFINITIONS = (
					"DEBUG=1",
					"$(inherited)",
				);
				GCC_WARN_64_TO_32_BIT_CONVERSION = YES;
				GCC_WARN_ABOUT_RETURN_TYPE = YES_ERROR;
				GCC_WARN_UNDECLARED_SELECTOR = YES;
				GCC_WARN_UNINITIALIZED_AUTOS = YES_AGGRESSIVE;
				GCC_WARN_UNUSED_FUNCTION = YES;
				GCC_WARN_UNUSED_VARIABLE = YES;
				IPHONEOS_DEPLOYMENT_TARGET = 11.2;
				MTL_ENABLE_DEBUG_INFO = YES;
				ONLY_ACTIVE_ARCH = YES;
				SDKROOT = iphoneos;
				SWIFT_ACTIVE_COMPILATION_CONDITIONS = DEBUG;
				SWIFT_OPTIMIZATION_LEVEL = "-Onone";
			};
			name = Debug;
		};
		2D0AF24920D24AA600EF27A0 /* Release */ = {
			isa = XCBuildConfiguration;
			buildSettings = {
				ALWAYS_SEARCH_USER_PATHS = NO;
				CLANG_ANALYZER_NONNULL = YES;
				CLANG_ANALYZER_NUMBER_OBJECT_CONVERSION = YES_AGGRESSIVE;
				CLANG_CXX_LANGUAGE_STANDARD = "gnu++14";
				CLANG_CXX_LIBRARY = "libc++";
				CLANG_ENABLE_MODULES = YES;
				CLANG_ENABLE_OBJC_ARC = YES;
				CLANG_WARN_BLOCK_CAPTURE_AUTORELEASING = YES;
				CLANG_WARN_BOOL_CONVERSION = YES;
				CLANG_WARN_COMMA = YES;
				CLANG_WARN_CONSTANT_CONVERSION = YES;
				CLANG_WARN_DIRECT_OBJC_ISA_USAGE = YES_ERROR;
				CLANG_WARN_DOCUMENTATION_COMMENTS = YES;
				CLANG_WARN_EMPTY_BODY = YES;
				CLANG_WARN_ENUM_CONVERSION = YES;
				CLANG_WARN_INFINITE_RECURSION = YES;
				CLANG_WARN_INT_CONVERSION = YES;
				CLANG_WARN_NON_LITERAL_NULL_CONVERSION = YES;
				CLANG_WARN_OBJC_LITERAL_CONVERSION = YES;
				CLANG_WARN_OBJC_ROOT_CLASS = YES_ERROR;
				CLANG_WARN_RANGE_LOOP_ANALYSIS = YES;
				CLANG_WARN_STRICT_PROTOTYPES = YES;
				CLANG_WARN_SUSPICIOUS_MOVE = YES;
				CLANG_WARN_UNGUARDED_AVAILABILITY = YES_AGGRESSIVE;
				CLANG_WARN_UNREACHABLE_CODE = YES;
				CLANG_WARN__DUPLICATE_METHOD_MATCH = YES;
				CODE_SIGN_IDENTITY = "iPhone Developer";
				COPY_PHASE_STRIP = NO;
				DEBUG_INFORMATION_FORMAT = "dwarf-with-dsym";
				ENABLE_NS_ASSERTIONS = NO;
				ENABLE_STRICT_OBJC_MSGSEND = YES;
				GCC_C_LANGUAGE_STANDARD = gnu11;
				GCC_NO_COMMON_BLOCKS = YES;
				GCC_WARN_64_TO_32_BIT_CONVERSION = YES;
				GCC_WARN_ABOUT_RETURN_TYPE = YES_ERROR;
				GCC_WARN_UNDECLARED_SELECTOR = YES;
				GCC_WARN_UNINITIALIZED_AUTOS = YES_AGGRESSIVE;
				GCC_WARN_UNUSED_FUNCTION = YES;
				GCC_WARN_UNUSED_VARIABLE = YES;
				IPHONEOS_DEPLOYMENT_TARGET = 11.2;
				MTL_ENABLE_DEBUG_INFO = NO;
				SDKROOT = iphoneos;
				SWIFT_OPTIMIZATION_LEVEL = "-Owholemodule";
				VALIDATE_PRODUCT = YES;
			};
			name = Release;
		};
		2D0AF24B20D24AA600EF27A0 /* Debug */ = {
			isa = XCBuildConfiguration;
			buildSettings = {
				ASSETCATALOG_COMPILER_APPICON_NAME = AppIcon;
				CODE_SIGN_STYLE = Automatic;
				INFOPLIST_FILE = CollectionDemo/Info.plist;
				LD_RUNPATH_SEARCH_PATHS = "$(inherited) @executable_path/Frameworks";
				PRODUCT_BUNDLE_IDENTIFIER = com.test.CollectionDemo;
				PRODUCT_NAME = "$(TARGET_NAME)";
				SWIFT_VERSION = 4.0;
				TARGETED_DEVICE_FAMILY = "1,2";
			};
			name = Debug;
		};
		2D0AF24C20D24AA600EF27A0 /* Release */ = {
			isa = XCBuildConfiguration;
			buildSettings = {
				ASSETCATALOG_COMPILER_APPICON_NAME = AppIcon;
				CODE_SIGN_STYLE = Automatic;
				INFOPLIST_FILE = CollectionDemo/Info.plist;
				LD_RUNPATH_SEARCH_PATHS = "$(inherited) @executable_path/Frameworks";
				PRODUCT_BUNDLE_IDENTIFIER = com.test.CollectionDemo;
				PRODUCT_NAME = "$(TARGET_NAME)";
				SWIFT_VERSION = 4.0;
				TARGETED_DEVICE_FAMILY = "1,2";
			};
			name = Release;
		};
		2D0AF24E20D24AA600EF27A0 /* Debug */ = {
			isa = XCBuildConfiguration;
			buildSettings = {
				ALWAYS_EMBED_SWIFT_STANDARD_LIBRARIES = YES;
				BUNDLE_LOADER = "$(TEST_HOST)";
				CODE_SIGN_STYLE = Automatic;
				INFOPLIST_FILE = CollectionDemoTests/Info.plist;
				LD_RUNPATH_SEARCH_PATHS = "$(inherited) @executable_path/Frameworks @loader_path/Frameworks";
				PRODUCT_BUNDLE_IDENTIFIER = com.test.CollectionDemoTests;
				PRODUCT_NAME = "$(TARGET_NAME)";
				SWIFT_VERSION = 4.0;
				TARGETED_DEVICE_FAMILY = "1,2";
				TEST_HOST = "$(BUILT_PRODUCTS_DIR)/CollectionDemo.app/CollectionDemo";
			};
			name = Debug;
		};
		2D0AF24F20D24AA600EF27A0 /* Release */ = {
			isa = XCBuildConfiguration;
			buildSettings = {
				ALWAYS_EMBED_SWIFT_STANDARD_LIBRARIES = YES;
				BUNDLE_LOADER = "$(TEST_HOST)";
				CODE_SIGN_STYLE = Automatic;
				INFOPLIST_FILE = CollectionDemoTests/Info.plist;
				LD_RUNPATH_SEARCH_PATHS = "$(inherited) @executable_path/Frameworks @loader_path/Frameworks";
				PRODUCT_BUNDLE_IDENTIFIER = com.test.CollectionDemoTests;
				PRODUCT_NAME = "$(TARGET_NAME)";
				SWIFT_VERSION = 4.0;
				TARGETED_DEVICE_FAMILY = "1,2";
				TEST_HOST = "$(BUILT_PRODUCTS_DIR)/CollectionDemo.app/CollectionDemo";
			};
			name = Release;
		};
		2D0AF25120D24AA600EF27A0 /* Debug */ = {
			isa = XCBuildConfiguration;
			buildSettings = {
				ALWAYS_EMBED_SWIFT_STANDARD_LIBRARIES = YES;
				CODE_SIGN_STYLE = Automatic;
				INFOPLIST_FILE = CollectionDemoUITests/Info.plist;
				LD_RUNPATH_SEARCH_PATHS = "$(inherited) @executable_path/Frameworks @loader_path/Frameworks";
				PRODUCT_BUNDLE_IDENTIFIER = com.test.CollectionDemoUITests;
				PRODUCT_NAME = "$(TARGET_NAME)";
				SWIFT_VERSION = 4.0;
				TARGETED_DEVICE_FAMILY = "1,2";
				TEST_TARGET_NAME = CollectionDemo;
			};
			name = Debug;
		};
		2D0AF25220D24AA600EF27A0 /* Release */ = {
			isa = XCBuildConfiguration;
			buildSettings = {
				ALWAYS_EMBED_SWIFT_STANDARD_LIBRARIES = YES;
				CODE_SIGN_STYLE = Automatic;
				INFOPLIST_FILE = CollectionDemoUITests/Info.plist;
				LD_RUNPATH_SEARCH_PATHS = "$(inherited) @executable_path/Frameworks @loader_path/Frameworks";
				PRODUCT_BUNDLE_IDENTIFIER = com.test.CollectionDemoUITests;
				PRODUCT_NAME = "$(TARGET_NAME)";
				SWIFT_VERSION = 4.0;
				TARGETED_DEVICE_FAMILY = "1,2";
				TEST_TARGET_NAME = CollectionDemo;
			};
			name = Release;
		};
/* End XCBuildConfiguration section */

/* Begin XCConfigurationList section */
		2D0AF21D20D24AA600EF27A0 /* Build configuration list for PBXProject "CollectionDemo" */ = {
			isa = XCConfigurationList;
			buildConfigurations = (
				2D0AF24820D24AA600EF27A0 /* Debug */,
				2D0AF24920D24AA600EF27A0 /* Release */,
			);
			defaultConfigurationIsVisible = 0;
			defaultConfigurationName = Release;
		};
		2D0AF24A20D24AA600EF27A0 /* Build configuration list for PBXNativeTarget "CollectionDemo" */ = {
			isa = XCConfigurationList;
			buildConfigurations = (
				2D0AF24B20D24AA600EF27A0 /* Debug */,
				2D0AF24C20D24AA600EF27A0 /* Release */,
			);
			defaultConfigurationIsVisible = 0;
			defaultConfigurationName = Release;
		};
		2D0AF24D20D24AA600EF27A0 /* Build configuration list for PBXNativeTarget "CollectionDemoTests" */ = {
			isa = XCConfigurationList;
			buildConfigurations = (
				2D0AF24E20D24AA600EF27A0 /* Debug */,
				2D0AF24F20D24AA600EF27A0 /* Release */,
			);
			defaultConfigurationIsVisible = 0;
			defaultConfigurationName = Release;
		};
		2D0AF25020D24AA600EF27A0 /* Build configuration list for PBXNativeTarget "CollectionDemoUITests" */ = {
			isa = XCConfigurationList;
			buildConfigurations = (
				2D0AF25120D24AA600EF27A0 /* Debug */,
				2D0AF25220D24AA600EF27A0 /* Release */,
			);
			defaultConfigurationIsVisible = 0;
			defaultConfigurationName = Release;
		};
/* End XCConfigurationList section */
	};
	rootObject = 2D0AF21A20D24AA600EF27A0 /* Project object */;
}
